<?xml version="1.0" encoding="utf-8"?>
<Project ToolsVersion="4.0" xmlns="http://schemas.microsoft.com/developer/msbuild/2003">
  <ItemGroup>
    <ClCompile Include="Source\Application.cpp" />
    <ClCompile Include="Source\AssignmentScene.cpp" />
    <ClCompile Include="Source\Camera3.cpp" />
    <ClCompile Include="Source\Enemy.cpp" />
    <ClCompile Include="Source\LoseScreen.cpp" />
    <ClCompile Include="Source\MainMenu.cpp" />
    <ClCompile Include="Source\PauseScreen.cpp" />
    <ClCompile Include="Source\Physics.cpp" />
    <ClCompile Include="Source\Item.cpp" />
    <ClCompile Include="Source\Racing.cpp" />
    <ClCompile Include="Source\Camera.cpp" />
    <ClCompile Include="Source\Camera2.cpp" />
    <ClCompile Include="Source\LoadOBJ.cpp" />
    <ClCompile Include="Source\LoadTGA.cpp" />
    <ClCompile Include="Source\main.cpp" />
    <ClCompile Include="Source\Mesh.cpp" />
    <ClCompile Include="Source\MeshBuilder.cpp" />
    <ClCompile Include="Source\ObjectBox.cpp" />
    <ClCompile Include="Source\PuzzleRoom.cpp" />
    <ClCompile Include="Source\Scene2.cpp" />
    <ClCompile Include="Source\shader.cpp" />
    <ClCompile Include="Source\Sound.cpp" />
    <ClCompile Include="Source\Utility.cpp" />
    <ClCompile Include="Source\WinScreen.cpp" />
    <ClCompile Include="Source\Leaderboard.cpp" />
  </ItemGroup>
  <ItemGroup>
    <ClInclude Include="Source\Application.h" />
    <ClInclude Include="Source\AssignmentScene.h" />
    <ClInclude Include="Source\Camera3.h" />
    <ClInclude Include="Source\Enemy.h" />
    <ClInclude Include="Source\LoseScreen.h" />
    <ClInclude Include="Source\MainMenu.h" />
    <ClInclude Include="Source\PauseScreen.h" />
    <ClInclude Include="Source\Physics.h" />
    <ClInclude Include="Source\Item.h" />
    <ClInclude Include="Source\Racing.h" />
    <ClInclude Include="Source\Camera.h" />
    <ClInclude Include="Source\Camera2.h" />
    <ClInclude Include="Source\Light.h" />
    <ClInclude Include="Source\LoadOBJ.h" />
    <ClInclude Include="Source\LoadTGA.h" />
    <ClInclude Include="Source\Material.h" />
    <ClInclude Include="Source\Mesh.h" />
    <ClInclude Include="Source\MeshBuilder.h" />
    <ClInclude Include="Source\ObjectBox.h" />
    <ClInclude Include="Source\PuzzleRoom.h" />
    <ClInclude Include="Source\Scene.h" />
    <ClInclude Include="Source\Scene2.h" />
    <ClInclude Include="Source\shader.hpp" />
    <ClInclude Include="Source\Sound.h" />
    <ClInclude Include="Source\Utility.h" />
    <ClInclude Include="Source\Vertex.h" />
    <ClInclude Include="Source\WinScreen.h" />
    <ClInclude Include="Source\Leaderboard.h" />
  </ItemGroup>
  <ItemGroup>
    <None Include="Shader\Blending.fragmentshader" />
    <None Include="Shader\LightSource.fragmentshader" />
    <None Include="Shader\Shading.fragmentshader" />
    <None Include="Shader\Shading.vertexshader" />
    <None Include="Shader\SimpleFragmentShader.fragmentshader" />
    <None Include="Shader\SimpleVertexShader.vertexshader" />
    <None Include="Shader\Text.fragmentshader" />
    <None Include="Shader\Texture.fragmentshader" />
    <None Include="Shader\Texture.vertexshader" />
    <None Include="Shader\TransformVertexShader.vertexshader" />
  </ItemGroup>
</Project>